// !$*UTF8*$!
{
	archiveVersion = 1;
	classes = {
	};
	objectVersion = 50;
	objects = {

/* Begin PBXBuildFile section */
		40B200ED259C95F30057BFE3 /* AppDelegate.m in Sources */ = {isa = PBXBuildFile; fileRef = 40B200EC259C95F30057BFE3 /* AppDelegate.m */; };
		40B200F0259C95F30057BFE3 /* SceneDelegate.m in Sources */ = {isa = PBXBuildFile; fileRef = 40B200EF259C95F30057BFE3 /* SceneDelegate.m */; };
		40B200F3259C95F30057BFE3 /* ViewController.m in Sources */ = {isa = PBXBuildFile; fileRef = 40B200F2259C95F30057BFE3 /* ViewController.m */; };
		40B200F6259C95F30057BFE3 /* Main.storyboard in Resources */ = {isa = PBXBuildFile; fileRef = 40B200F4259C95F30057BFE3 /* Main.storyboard */; };
		40B200F8259C95F80057BFE3 /* Assets.xcassets in Resources */ = {isa = PBXBuildFile; fileRef = 40B200F7259C95F80057BFE3 /* Assets.xcassets */; };
		40B200FB259C95F80057BFE3 /* LaunchScreen.storyboard in Resources */ = {isa = PBXBuildFile; fileRef = 40B200F9259C95F80057BFE3 /* LaunchScreen.storyboard */; };
		40B200FE259C95F80057BFE3 /* main.m in Sources */ = {isa = PBXBuildFile; fileRef = 40B200FD259C95F80057BFE3 /* main.m */; };
		40B20108259C95F90057BFE3 /* OC_UI_Basic_transform__Tests.m in Sources */ = {isa = PBXBuildFile; fileRef = 40B20107259C95F90057BFE3 /* OC_UI_Basic_transform__Tests.m */; };
		40B20113259C95F90057BFE3 /* OC_UI_Basic_transform__UITests.m in Sources */ = {isa = PBXBuildFile; fileRef = 40B20112259C95F90057BFE3 /* OC_UI_Basic_transform__UITests.m */; };
/* End PBXBuildFile section */

/* Begin PBXContainerItemProxy section */
		40B20104259C95F90057BFE3 /* PBXContainerItemProxy */ = {
			isa = PBXContainerItemProxy;
			containerPortal = 40B200E0259C95F30057BFE3 /* Project object */;
			proxyType = 1;
			remoteGlobalIDString = 40B200E7259C95F30057BFE3;
			remoteInfo = "OC_UI_Basic_transform属性";
		};
		40B2010F259C95F90057BFE3 /* PBXContainerItemProxy */ = {
			isa = PBXContainerItemProxy;
			containerPortal = 40B200E0259C95F30057BFE3 /* Project object */;
			proxyType = 1;
			remoteGlobalIDString = 40B200E7259C95F30057BFE3;
			remoteInfo = "OC_UI_Basic_transform属性";
		};
/* End PBXContainerItemProxy section */

/* Begin PBXFileReference section */
		40B200E8259C95F30057BFE3 /* OC_UI_Basic_transform属性.app */ = {isa = PBXFileReference; explicitFileType = wrapper.application; includeInIndex = 0; path = "OC_UI_Basic_transform属性.app"; sourceTree = BUILT_PRODUCTS_DIR; };
		40B200EB259C95F30057BFE3 /* AppDelegate.h */ = {isa = PBXFileReference; lastKnownFileType = sourcecode.c.h; path = AppDelegate.h; sourceTree = "<group>"; };
		40B200EC259C95F30057BFE3 /* AppDelegate.m */ = {isa = PBXFileReference; lastKnownFileType = sourcecode.c.objc; path = AppDelegate.m; sourceTree = "<group>"; };
		40B200EE259C95F30057BFE3 /* SceneDelegate.h */ = {isa = PBXFileReference; lastKnownFileType = sourcecode.c.h; path = SceneDelegate.h; sourceTree = "<group>"; };
		40B200EF259C95F30057BFE3 /* SceneDelegate.m */ = {isa = PBXFileReference; lastKnownFileType = sourcecode.c.objc; path = SceneDelegate.m; sourceTree = "<group>"; };
		40B200F1259C95F30057BFE3 /* ViewController.h */ = {isa = PBXFileReference; lastKnownFileType = sourcecode.c.h; path = ViewController.h; sourceTree = "<group>"; };
		40B200F2259C95F30057BFE3 /* ViewController.m */ = {isa = PBXFileReference; lastKnownFileType = sourcecode.c.objc; path = ViewController.m; sourceTree = "<group>"; };
		40B200F5259C95F30057BFE3 /* Base */ = {isa = PBXFileReference; lastKnownFileType = file.storyboard; name = Base; path = Base.lproj/Main.storyboard; sourceTree = "<group>"; };
		40B200F7259C95F80057BFE3 /* Assets.xcassets */ = {isa = PBXFileReference; lastKnownFileType = folder.assetcatalog; path = Assets.xcassets; sourceTree = "<group>"; };
		40B200FA259C95F80057BFE3 /* Base */ = {isa = PBXFileReference; lastKnownFileType = file.storyboard; name = Base; path = Base.lproj/LaunchScreen.storyboard; sourceTree = "<group>"; };
		40B200FC259C95F80057BFE3 /* Info.plist */ = {isa = PBXFileReference; lastKnownFileType = text.plist.xml; path = Info.plist; sourceTree = "<group>"; };
		40B200FD259C95F80057BFE3 /* main.m */ = {isa = PBXFileReference; lastKnownFileType = sourcecode.c.objc; path = main.m; sourceTree = "<group>"; };
		40B20103259C95F90057BFE3 /* OC_UI_Basic_transform属性Tests.xctest */ = {isa = PBXFileReference; explicitFileType = wrapper.cfbundle; includeInIndex = 0; path = "OC_UI_Basic_transform属性Tests.xctest"; sourceTree = BUILT_PRODUCTS_DIR; };
		40B20107259C95F90057BFE3 /* OC_UI_Basic_transform__Tests.m */ = {isa = PBXFileReference; lastKnownFileType = sourcecode.c.objc; path = OC_UI_Basic_transform__Tests.m; sourceTree = "<group>"; };
		40B20109259C95F90057BFE3 /* Info.plist */ = {isa = PBXFileReference; lastKnownFileType = text.plist.xml; path = Info.plist; sourceTree = "<group>"; };
		40B2010E259C95F90057BFE3 /* OC_UI_Basic_transform属性UITests.xctest */ = {isa = PBXFileReference; explicitFileType = wrapper.cfbundle; includeInIndex = 0; path = "OC_UI_Basic_transform属性UITests.xctest"; sourceTree = BUILT_PRODUCTS_DIR; };
		40B20112259C95F90057BFE3 /* OC_UI_Basic_transform__UITests.m */ = {isa = PBXFileReference; lastKnownFileType = sourcecode.c.objc; path = OC_UI_Basic_transform__UITests.m; sourceTree = "<group>"; };
		40B20114259C95F90057BFE3 /* Info.plist */ = {isa = PBXFileReference; lastKnownFileType = text.plist.xml; path = Info.plist; sourceTree = "<group>"; };
/* End PBXFileReference section */

/* Begin PBXFrameworksBuildPhase section */
		40B200E5259C95F30057BFE3 /* Frameworks */ = {
			isa = PBXFrameworksBuildPhase;
			buildActionMask = 2147483647;
			files = (
			);
			runOnlyForDeploymentPostprocessing = 0;
		};
		40B20100259C95F90057BFE3 /* Frameworks */ = {
			isa = PBXFrameworksBuildPhase;
			buildActionMask = 2147483647;
			files = (
			);
			runOnlyForDeploymentPostprocessing = 0;
		};
		40B2010B259C95F90057BFE3 /* Frameworks */ = {
			isa = PBXFrameworksBuildPhase;
			buildActionMask = 2147483647;
			files = (
			);
			runOnlyForDeploymentPostprocessing = 0;
		};
/* End PBXFrameworksBuildPhase section */

/* Begin PBXGroup section */
		40B200DF259C95F30057BFE3 = {
			isa = PBXGroup;
			children = (
				40B200EA259C95F30057BFE3 /* OC_UI_Basic_transform属性 */,
				40B20106259C95F90057BFE3 /* OC_UI_Basic_transform属性Tests */,
				40B20111259C95F90057BFE3 /* OC_UI_Basic_transform属性UITests */,
				40B200E9259C95F30057BFE3 /* Products */,
			);
			sourceTree = "<group>";
		};
		40B200E9259C95F30057BFE3 /* Products */ = {
			isa = PBXGroup;
			children = (
				40B200E8259C95F30057BFE3 /* OC_UI_Basic_transform属性.app */,
				40B20103259C95F90057BFE3 /* OC_UI_Basic_transform属性Tests.xctest */,
				40B2010E259C95F90057BFE3 /* OC_UI_Basic_transform属性UITests.xctest */,
			);
			name = Products;
			sourceTree = "<group>";
		};
		40B200EA259C95F30057BFE3 /* OC_UI_Basic_transform属性 */ = {
			isa = PBXGroup;
			children = (
				40B200EB259C95F30057BFE3 /* AppDelegate.h */,
				40B200EC259C95F30057BFE3 /* AppDelegate.m */,
				40B200EE259C95F30057BFE3 /* SceneDelegate.h */,
				40B200EF259C95F30057BFE3 /* SceneDelegate.m */,
				40B200F1259C95F30057BFE3 /* ViewController.h */,
				40B200F2259C95F30057BFE3 /* ViewController.m */,
				40B200F4259C95F30057BFE3 /* Main.storyboard */,
				40B200F7259C95F80057BFE3 /* Assets.xcassets */,
				40B200F9259C95F80057BFE3 /* LaunchScreen.storyboard */,
				40B200FC259C95F80057BFE3 /* Info.plist */,
				40B200FD259C95F80057BFE3 /* main.m */,
			);
			path = "OC_UI_Basic_transform属性";
			sourceTree = "<group>";
		};
		40B20106259C95F90057BFE3 /* OC_UI_Basic_transform属性Tests */ = {
			isa = PBXGroup;
			children = (
				40B20107259C95F90057BFE3 /* OC_UI_Basic_transform__Tests.m */,
				40B20109259C95F90057BFE3 /* Info.plist */,
			);
			path = "OC_UI_Basic_transform属性Tests";
			sourceTree = "<group>";
		};
		40B20111259C95F90057BFE3 /* OC_UI_Basic_transform属性UITests */ = {
			isa = PBXGroup;
			children = (
				40B20112259C95F90057BFE3 /* OC_UI_Basic_transform__UITests.m */,
				40B20114259C95F90057BFE3 /* Info.plist */,
			);
			path = "OC_UI_Basic_transform属性UITests";
			sourceTree = "<group>";
		};
/* End PBXGroup section */

/* Begin PBXNativeTarget section */
		40B200E7259C95F30057BFE3 /* OC_UI_Basic_transform属性 */ = {
			isa = PBXNativeTarget;
			buildConfigurationList = 40B20117259C95F90057BFE3 /* Build configuration list for PBXNativeTarget "OC_UI_Basic_transform属性" */;
			buildPhases = (
				40B200E4259C95F30057BFE3 /* Sources */,
				40B200E5259C95F30057BFE3 /* Frameworks */,
				40B200E6259C95F30057BFE3 /* Resources */,
			);
			buildRules = (
			);
			dependencies = (
			);
			name = "OC_UI_Basic_transform属性";
			productName = "OC_UI_Basic_transform属性";
			productReference = 40B200E8259C95F30057BFE3 /* OC_UI_Basic_transform属性.app */;
			productType = "com.apple.product-type.application";
		};
		40B20102259C95F90057BFE3 /* OC_UI_Basic_transform属性Tests */ = {
			isa = PBXNativeTarget;
			buildConfigurationList = 40B2011A259C95F90057BFE3 /* Build configuration list for PBXNativeTarget "OC_UI_Basic_transform属性Tests" */;
			buildPhases = (
				40B200FF259C95F90057BFE3 /* Sources */,
				40B20100259C95F90057BFE3 /* Frameworks */,
				40B20101259C95F90057BFE3 /* Resources */,
			);
			buildRules = (
			);
			dependencies = (
				40B20105259C95F90057BFE3 /* PBXTargetDependency */,
			);
			name = "OC_UI_Basic_transform属性Tests";
			productName = "OC_UI_Basic_transform属性Tests";
			productReference = 40B20103259C95F90057BFE3 /* OC_UI_Basic_transform属性Tests.xctest */;
			productType = "com.apple.product-type.bundle.unit-test";
		};
		40B2010D259C95F90057BFE3 /* OC_UI_Basic_transform属性UITests */ = {
			isa = PBXNativeTarget;
			buildConfigurationList = 40B2011D259C95F90057BFE3 /* Build configuration list for PBXNativeTarget "OC_UI_Basic_transform属性UITests" */;
			buildPhases = (
				40B2010A259C95F90057BFE3 /* Sources */,
				40B2010B259C95F90057BFE3 /* Frameworks */,
				40B2010C259C95F90057BFE3 /* Resources */,
			);
			buildRules = (
			);
			dependencies = (
				40B20110259C95F90057BFE3 /* PBXTargetDependency */,
			);
			name = "OC_UI_Basic_transform属性UITests";
			productName = "OC_UI_Basic_transform属性UITests";
			productReference = 40B2010E259C95F90057BFE3 /* OC_UI_Basic_transform属性UITests.xctest */;
			productType = "com.apple.product-type.bundle.ui-testing";
		};
/* End PBXNativeTarget section */

/* Begin PBXProject section */
		40B200E0259C95F30057BFE3 /* Project object */ = {
			isa = PBXProject;
			attributes = {
				LastUpgradeCheck = 1130;
				ORGANIZATIONNAME = SimonLiu;
				TargetAttributes = {
					40B200E7259C95F30057BFE3 = {
						CreatedOnToolsVersion = 11.3.1;
					};
					40B20102259C95F90057BFE3 = {
						CreatedOnToolsVersion = 11.3.1;
						TestTargetID = 40B200E7259C95F30057BFE3;
					};
					40B2010D259C95F90057BFE3 = {
						CreatedOnToolsVersion = 11.3.1;
						TestTargetID = 40B200E7259C95F30057BFE3;
					};
				};
			};
			buildConfigurationList = 40B200E3259C95F30057BFE3 /* Build configuration list for PBXProject "OC_UI_Basic_transform属性" */;
			compatibilityVersion = "Xcode 9.3";
			developmentRegion = en;
			hasScannedForEncodings = 0;
			knownRegions = (
				en,
				Base,
			);
			mainGroup = 40B200DF259C95F30057BFE3;
			productRefGroup = 40B200E9259C95F30057BFE3 /* Products */;
			projectDirPath = "";
			projectRoot = "";
			targets = (
				40B200E7259C95F30057BFE3 /* OC_UI_Basic_transform属性 */,
				40B20102259C95F90057BFE3 /* OC_UI_Basic_transform属性Tests */,
				40B2010D259C95F90057BFE3 /* OC_UI_Basic_transform属性UITests */,
			);
		};
/* End PBXProject section */

/* Begin PBXResourcesBuildPhase section */
		40B200E6259C95F30057BFE3 /* Resources */ = {
			isa = PBXResourcesBuildPhase;
			buildActionMask = 2147483647;
			files = (
				40B200FB259C95F80057BFE3 /* LaunchScreen.storyboard in Resources */,
				40B200F8259C95F80057BFE3 /* Assets.xcassets in Resources */,
				40B200F6259C95F30057BFE3 /* Main.storyboard in Resources */,
			);
			runOnlyForDeploymentPostprocessing = 0;
		};
		40B20101259C95F90057BFE3 /* Resources */ = {
			isa = PBXResourcesBuildPhase;
			buildActionMask = 2147483647;
			files = (
			);
			runOnlyForDeploymentPostprocessing = 0;
		};
		40B2010C259C95F90057BFE3 /* Resources */ = {
			isa = PBXResourcesBuildPhase;
			buildActionMask = 2147483647;
			files = (
			);
			runOnlyForDeploymentPostprocessing = 0;
		};
/* End PBXResourcesBuildPhase section */

/* Begin PBXSourcesBuildPhase section */
		40B200E4259C95F30057BFE3 /* Sources */ = {
			isa = PBXSourcesBuildPhase;
			buildActionMask = 2147483647;
			files = (
				40B200F3259C95F30057BFE3 /* ViewController.m in Sources */,
				40B200ED259C95F30057BFE3 /* AppDelegate.m in Sources */,
				40B200FE259C95F80057BFE3 /* main.m in Sources */,
				40B200F0259C95F30057BFE3 /* SceneDelegate.m in Sources */,
			);
			runOnlyForDeploymentPostprocessing = 0;
		};
		40B200FF259C95F90057BFE3 /* Sources */ = {
			isa = PBXSourcesBuildPhase;
			buildActionMask = 2147483647;
			files = (
				40B20108259C95F90057BFE3 /* OC_UI_Basic_transform__Tests.m in Sources */,
			);
			runOnlyForDeploymentPostprocessing = 0;
		};
		40B2010A259C95F90057BFE3 /* Sources */ = {
			isa = PBXSourcesBuildPhase;
			buildActionMask = 2147483647;
			files = (
				40B20113259C95F90057BFE3 /* OC_UI_Basic_transform__UITests.m in Sources */,
			);
			runOnlyForDeploymentPostprocessing = 0;
		};
/* End PBXSourcesBuildPhase section */

/* Begin PBXTargetDependency section */
		40B20105259C95F90057BFE3 /* PBXTargetDependency */ = {
			isa = PBXTargetDependency;
			target = 40B200E7259C95F30057BFE3 /* OC_UI_Basic_transform属性 */;
			targetProxy = 40B20104259C95F90057BFE3 /* PBXContainerItemProxy */;
		};
		40B20110259C95F90057BFE3 /* PBXTargetDependency */ = {
			isa = PBXTargetDependency;
			target = 40B200E7259C95F30057BFE3 /* OC_UI_Basic_transform属性 */;
			targetProxy = 40B2010F259C95F90057BFE3 /* PBXContainerItemProxy */;
		};
/* End PBXTargetDependency section */

/* Begin PBXVariantGroup section */
		40B200F4259C95F30057BFE3 /* Main.storyboard */ = {
			isa = PBXVariantGroup;
			children = (
				40B200F5259C95F30057BFE3 /* Base */,
			);
			name = Main.storyboard;
			sourceTree = "<group>";
		};
		40B200F9259C95F80057BFE3 /* LaunchScreen.storyboard */ = {
			isa = PBXVariantGroup;
			children = (
				40B200FA259C95F80057BFE3 /* Base */,
			);
			name = LaunchScreen.storyboard;
			sourceTree = "<group>";
		};
/* End PBXVariantGroup section */

/* Begin XCBuildConfiguration section */
		40B20115259C95F90057BFE3 /* Debug */ = {
			isa = XCBuildConfiguration;
			buildSettings = {
				ALWAYS_SEARCH_USER_PATHS = NO;
				CLANG_ANALYZER_NONNULL = YES;
				CLANG_ANALYZER_NUMBER_OBJECT_CONVERSION = YES_AGGRESSIVE;
				CLANG_CXX_LANGUAGE_STANDARD = "gnu++14";
				CLANG_CXX_LIBRARY = "libc++";
				CLANG_ENABLE_MODULES = YES;
				CLANG_ENABLE_OBJC_ARC = YES;
				CLANG_ENABLE_OBJC_WEAK = YES;
				CLANG_WARN_BLOCK_CAPTURE_AUTORELEASING = YES;
				CLANG_WARN_BOOL_CONVERSION = YES;
				CLANG_WARN_COMMA = YES;
				CLANG_WARN_CONSTANT_CONVERSION = YES;
				CLANG_WARN_DEPRECATED_OBJC_IMPLEMENTATIONS = YES;
				CLANG_WARN_DIRECT_OBJC_ISA_USAGE = YES_ERROR;
				CLANG_WARN_DOCUMENTATION_COMMENTS = YES;
				CLANG_WARN_EMPTY_BODY = YES;
				CLANG_WARN_ENUM_CONVERSION = YES;
				CLANG_WARN_INFINITE_RECURSION = YES;
				CLANG_WARN_INT_CONVERSION = YES;
				CLANG_WARN_NON_LITERAL_NULL_CONVERSION = YES;
				CLANG_WARN_OBJC_IMPLICIT_RETAIN_SELF = YES;
				CLANG_WARN_OBJC_LITERAL_CONVERSION = YES;
				CLANG_WARN_OBJC_ROOT_CLASS = YES_ERROR;
				CLANG_WARN_RANGE_LOOP_ANALYSIS = YES;
				CLANG_WARN_STRICT_PROTOTYPES = YES;
				CLANG_WARN_SUSPICIOUS_MOVE = YES;
				CLANG_WARN_UNGUARDED_AVAILABILITY = YES_AGGRESSIVE;
				CLANG_WARN_UNREACHABLE_CODE = YES;
				CLANG_WARN__DUPLICATE_METHOD_MATCH = YES;
				COPY_PHASE_STRIP = NO;
				DEBUG_INFORMATION_FORMAT = dwarf;
				ENABLE_STRICT_OBJC_MSGSEND = YES;
				ENABLE_TESTABILITY = YES;
				GCC_C_LANGUAGE_STANDARD = gnu11;
				GCC_DYNAMIC_NO_PIC = NO;
				GCC_NO_COMMON_BLOCKS = YES;
				GCC_OPTIMIZATION_LEVEL = 0;
				GCC_PREPROCESSOR_DEFINITIONS = (
					"DEBUG=1",
					"$(inherited)",
				);
				GCC_WARN_64_TO_32_BIT_CONVERSION = YES;
				GCC_WARN_ABOUT_RETURN_TYPE = YES_ERROR;
				GCC_WARN_UNDECLARED_SELECTOR = YES;
				GCC_WARN_UNINITIALIZED_AUTOS = YES_AGGRESSIVE;
				GCC_WARN_UNUSED_FUNCTION = YES;
				GCC_WARN_UNUSED_VARIABLE = YES;
				IPHONEOS_DEPLOYMENT_TARGET = 13.2;
				MTL_ENABLE_DEBUG_INFO = INCLUDE_SOURCE;
				MTL_FAST_MATH = YES;
				ONLY_ACTIVE_ARCH = YES;
				SDKROOT = iphoneos;
			};
			name = Debug;
		};
		40B20116259C95F90057BFE3 /* Release */ = {
			isa = XCBuildConfiguration;
			buildSettings = {
				ALWAYS_SEARCH_USER_PATHS = NO;
				CLANG_ANALYZER_NONNULL = YES;
				CLANG_ANALYZER_NUMBER_OBJECT_CONVERSION = YES_AGGRESSIVE;
				CLANG_CXX_LANGUAGE_STANDARD = "gnu++14";
				CLANG_CXX_LIBRARY = "libc++";
				CLANG_ENABLE_MODULES = YES;
				CLANG_ENABLE_OBJC_ARC = YES;
				CLANG_ENABLE_OBJC_WEAK = YES;
				CLANG_WARN_BLOCK_CAPTURE_AUTORELEASING = YES;
				CLANG_WARN_BOOL_CONVERSION = YES;
				CLANG_WARN_COMMA = YES;
				CLANG_WARN_CONSTANT_CONVERSION = YES;
				CLANG_WARN_DEPRECATED_OBJC_IMPLEMENTATIONS = YES;
				CLANG_WARN_DIRECT_OBJC_ISA_USAGE = YES_ERROR;
				CLANG_WARN_DOCUMENTATION_COMMENTS = YES;
				CLANG_WARN_EMPTY_BODY = YES;
				CLANG_WARN_ENUM_CONVERSION = YES;
				CLANG_WARN_INFINITE_RECURSION = YES;
				CLANG_WARN_INT_CONVERSION = YES;
				CLANG_WARN_NON_LITERAL_NULL_CONVERSION = YES;
				CLANG_WARN_OBJC_IMPLICIT_RETAIN_SELF = YES;
				CLANG_WARN_OBJC_LITERAL_CONVERSION = YES;
				CLANG_WARN_OBJC_ROOT_CLASS = YES_ERROR;
				CLANG_WARN_RANGE_LOOP_ANALYSIS = YES;
				CLANG_WARN_STRICT_PROTOTYPES = YES;
				CLANG_WARN_SUSPICIOUS_MOVE = YES;
				CLANG_WARN_UNGUARDED_AVAILABILITY = YES_AGGRESSIVE;
				CLANG_WARN_UNREACHABLE_CODE = YES;
				CLANG_WARN__DUPLICATE_METHOD_MATCH = YES;
				COPY_PHASE_STRIP = NO;
				DEBUG_INFORMATION_FORMAT = "dwarf-with-dsym";
				ENABLE_NS_ASSERTIONS = NO;
				ENABLE_STRICT_OBJC_MSGSEND = YES;
				GCC_C_LANGUAGE_STANDARD = gnu11;
				GCC_NO_COMMON_BLOCKS = YES;
				GCC_WARN_64_TO_32_BIT_CONVERSION = YES;
				GCC_WARN_ABOUT_RETURN_TYPE = YES_ERROR;
				GCC_WARN_UNDECLARED_SELECTOR = YES;
				GCC_WARN_UNINITIALIZED_AUTOS = YES_AGGRESSIVE;
				GCC_WARN_UNUSED_FUNCTION = YES;
				GCC_WARN_UNUSED_VARIABLE = YES;
				IPHONEOS_DEPLOYMENT_TARGET = 13.2;
				MTL_ENABLE_DEBUG_INFO = NO;
				MTL_FAST_MATH = YES;
				SDKROOT = iphoneos;
				VALIDATE_PRODUCT = YES;
			};
			name = Release;
		};
		40B20118259C95F90057BFE3 /* Debug */ = {
			isa = XCBuildConfiguration;
			buildSettings = {
				ASSETCATALOG_COMPILER_APPICON_NAME = AppIcon;
				CODE_SIGN_STYLE = Automatic;
				DEVELOPMENT_TEAM = 7ZG439T737;
				INFOPLIST_FILE = "OC_UI_Basic_transform属性/Info.plist";
				LD_RUNPATH_SEARCH_PATHS = (
					"$(inherited)",
					"@executable_path/Frameworks",
				);
				PRODUCT_BUNDLE_IDENTIFIER = "com.simonliu.OC-UI-Basic-transform--";
				PRODUCT_NAME = "$(TARGET_NAME)";
				TARGETED_DEVICE_FAMILY = "1,2";
			};
			name = Debug;
		};
		40B20119259C95F90057BFE3 /* Release */ = {
			isa = XCBuildConfiguration;
			buildSettings = {
				ASSETCATALOG_COMPILER_APPICON_NAME = AppIcon;
				CODE_SIGN_STYLE = Automatic;
				DEVELOPMENT_TEAM = 7ZG439T737;
				INFOPLIST_FILE = "OC_UI_Basic_transform属性/Info.plist";
				LD_RUNPATH_SEARCH_PATHS = (
					"$(inherited)",
					"@executable_path/Frameworks",
				);
				PRODUCT_BUNDLE_IDENTIFIER = "com.simonliu.OC-UI-Basic-transform--";
				PRODUCT_NAME = "$(TARGET_NAME)";
				TARGETED_DEVICE_FAMILY = "1,2";
			};
			name = Release;
		};
		40B2011B259C95F90057BFE3 /* Debug */ = {
			isa = XCBuildConfiguration;
			buildSettings = {
				BUNDLE_LOADER = "$(TEST_HOST)";
				CODE_SIGN_STYLE = Automatic;
				DEVELOPMENT_TEAM = 7ZG439T737;
				INFOPLIST_FILE = "OC_UI_Basic_transform属性Tests/Info.plist";
				IPHONEOS_DEPLOYMENT_TARGET = 13.2;
				LD_RUNPATH_SEARCH_PATHS = (
					"$(inherited)",
					"@executable_path/Frameworks",
					"@loader_path/Frameworks",
				);
				PRODUCT_BUNDLE_IDENTIFIER = "com.simonliu.OC-UI-Basic-transform--Tests";
				PRODUCT_NAME = "$(TARGET_NAME)";
				TARGETED_DEVICE_FAMILY = "1,2";
				TEST_HOST = "$(BUILT_PRODUCTS_DIR)/OC_UI_Basic_transform属性.app/OC_UI_Basic_transform属性";
			};
			name = Debug;
		};
		40B2011C259C95F90057BFE3 /* Release */ = {
			isa = XCBuildConfiguration;
			buildSettings = {
				BUNDLE_LOADER = "$(TEST_HOST)";
				CODE_SIGN_STYLE = Automatic;
				DEVELOPMENT_TEAM = 7ZG439T737;
				INFOPLIST_FILE = "OC_UI_Basic_transform属性Tests/Info.plist";
				IPHONEOS_DEPLOYMENT_TARGET = 13.2;
				LD_RUNPATH_SEARCH_PATHS = (
					"$(inherited)",
					"@executable_path/Frameworks",
					"@loader_path/Frameworks",
				);
				PRODUCT_BUNDLE_IDENTIFIER = "com.simonliu.OC-UI-Basic-transform--Tests";
				PRODUCT_NAME = "$(TARGET_NAME)";
				TARGETED_DEVICE_FAMILY = "1,2";
				TEST_HOST = "$(BUILT_PRODUCTS_DIR)/OC_UI_Basic_transform属性.app/OC_UI_Basic_transform属性";
			};
			name = Release;
		};
		40B2011E259C95F90057BFE3 /* Debug */ = {
			isa = XCBuildConfiguration;
			buildSettings = {
				CODE_SIGN_STYLE = Automatic;
				DEVELOPMENT_TEAM = 7ZG439T737;
				INFOPLIST_FILE = "OC_UI_Basic_transform属性UITests/Info.plist";
				LD_RUNPATH_SEARCH_PATHS = (
					"$(inherited)",
					"@executable_path/Frameworks",
					"@loader_path/Frameworks",
				);
				PRODUCT_BUNDLE_IDENTIFIER = "com.simonliu.OC-UI-Basic-transform--UITests";
				PRODUCT_NAME = "$(TARGET_NAME)";
				TARGETED_DEVICE_FAMILY = "1,2";
				TEST_TARGET_NAME = "OC_UI_Basic_transform属性";
			};
			name = Debug;
		};
		40B2011F259C95F90057BFE3 /* Release */ = {
			isa = XCBuildConfiguration;
			buildSettings = {
				CODE_SIGN_STYLE = Automatic;
				DEVELOPMENT_TEAM = 7ZG439T737;
				INFOPLIST_FILE = "OC_UI_Basic_transform属性UITests/Info.plist";
				LD_RUNPATH_SEARCH_PATHS = (
					"$(inherited)",
					"@executable_path/Frameworks",
					"@loader_path/Frameworks",
				);
				PRODUCT_BUNDLE_IDENTIFIER = "com.simonliu.OC-UI-Basic-transform--UITests";
				PRODUCT_NAME = "$(TARGET_NAME)";
				TARGETED_DEVICE_FAMILY = "1,2";
				TEST_TARGET_NAME = "OC_UI_Basic_transform属性";
			};
			name = Release;
		};
/* End XCBuildConfiguration section */

/* Begin XCConfigurationList section */
		40B200E3259C95F30057BFE3 /* Build configuration list for PBXProject "OC_UI_Basic_transform属性" */ = {
			isa = XCConfigurationList;
			buildConfigurations = (
				40B20115259C95F90057BFE3 /* Debug */,
				40B20116259C95F90057BFE3 /* Release */,
			);
			defaultConfigurationIsVisible = 0;
			defaultConfigurationName = Release;
		};
		40B20117259C95F90057BFE3 /* Build configuration list for PBXNativeTarget "OC_UI_Basic_transform属性" */ = {
			isa = XCConfigurationList;
			buildConfigurations = (
				40B20118259C95F90057BFE3 /* Debug */,
				40B20119259C95F90057BFE3 /* Release */,
			);
			defaultConfigurationIsVisible = 0;
			defaultConfigurationName = Release;
		};
		40B2011A259C95F90057BFE3 /* Build configuration list for PBXNativeTarget "OC_UI_Basic_transform属性Tests" */ = {
			isa = XCConfigurationList;
			buildConfigurations = (
				40B2011B259C95F90057BFE3 /* Debug */,
				40B2011C259C95F90057BFE3 /* Release */,
			);
			defaultConfigurationIsVisible = 0;
			defaultConfigurationName = Release;
		};
		40B2011D259C95F90057BFE3 /* Build configuration list for PBXNativeTarget "OC_UI_Basic_transform属性UITests" */ = {
			isa = XCConfigurationList;
			buildConfigurations = (
				40B2011E259C95F90057BFE3 /* Debug */,
				40B2011F259C95F90057BFE3 /* Release */,
			);
			defaultConfigurationIsVisible = 0;
			defaultConfigurationName = Release;
		};
/* End XCConfigurationList section */
	};
	rootObject = 40B200E0259C95F30057BFE3 /* Project object */;
}
